
Microsoft Visual Studio Solution File, Format Version 10.00
# Visual Studio 2008
Project("{8BC9CEB8-8B4A-11D0-8D11-00A0C91BC942}") = "Graphic", "Graphic\Graphic.vcproj", "{0514BCC4-1856-451C-9546-EFC0D7A39071}"
	ProjectSection(ProjectDependencies) = postProject
		{0011700D-6067-4663-989D-23A8E8BE7ED5} = {0011700D-6067-4663-989D-23A8E8BE7ED5}
		{2E247274-C5B0-499A-BD25-315114D625D3} = {2E247274-C5B0-499A-BD25-315114D625D3}
		{F9B40879-7DC0-4B51-AB6A-E88B9658FA6D} = {F9B40879-7DC0-4B51-AB6A-E88B9658FA6D}
		{7E42117E-359F-4B31-A1C2-486A1182C156} = {7E42117E-359F-4B31-A1C2-486A1182C156}
	EndProjectSection
EndProject
Project("{8BC9CEB8-8B4A-11D0-8D11-00A0C91BC942}") = "freetype", "freetype\freetype.vcproj", "{7E42117E-359F-4B31-A1C2-486A1182C156}"
EndProject
Project("{8BC9CEB8-8B4A-11D0-8D11-00A0C91BC942}") = "libjpeg", "libjpeg\libjpeg.vcproj", "{0011700D-6067-4663-989D-23A8E8BE7ED5}"
EndProject
Project("{8BC9CEB8-8B4A-11D0-8D11-00A0C91BC942}") = "libpng", "libpng\libpng.vcproj", "{2E247274-C5B0-499A-BD25-315114D625D3}"
EndProject
Project("{8BC9CEB8-8B4A-11D0-8D11-00A0C91BC942}") = "libz", "libz\libz.vcproj", "{F9B40879-7DC0-4B51-AB6A-E88B9658FA6D}"
EndProject
Project("{8BC9CEB8-8B4A-11D0-8D11-00A0C91BC942}") = "SlimXml", "SlimXml\SlimXml.vcproj", "{4E471103-F1F4-409C-B4B1-93E7B6331FE8}"
EndProject
Project("{8BC9CEB8-8B4A-11D0-8D11-00A0C91BC942}") = "UIEditor", "UIEditor\UIEditor.vcproj", "{6C52E5F0-352C-4D8C-ACD7-A16BE135D3BA}"
EndProject
Project("{8BC9CEB8-8B4A-11D0-8D11-00A0C91BC942}") = "UIFrame", "UIFrame\UIFrame.vcproj", "{1576CAE0-DC48-47F2-B176-B7D135813AF1}"
	ProjectSection(ProjectDependencies) = postProject
		{4E471103-F1F4-409C-B4B1-93E7B6331FE8} = {4E471103-F1F4-409C-B4B1-93E7B6331FE8}
		{0514BCC4-1856-451C-9546-EFC0D7A39071} = {0514BCC4-1856-451C-9546-EFC0D7A39071}
	EndProjectSection
EndProject
Project("{8BC9CEB8-8B4A-11D0-8D11-00A0C91BC942}") = "UIFrameTest", "UIFrameTest\UIFrameTest.vcproj", "{0044B27C-E1DE-48F1-9E46-FC2877D28064}"
	ProjectSection(ProjectDependencies) = postProject
		{1576CAE0-DC48-47F2-B176-B7D135813AF1} = {1576CAE0-DC48-47F2-B176-B7D135813AF1}
	EndProjectSection
EndProject
Global
	GlobalSection(SolutionConfigurationPlatforms) = preSolution
		Debug|Win32 = Debug|Win32
		Release|Win32 = Release|Win32
	EndGlobalSection
	GlobalSection(ProjectConfigurationPlatforms) = postSolution
		{0514BCC4-1856-451C-9546-EFC0D7A39071}.Debug|Win32.ActiveCfg = Debug|Win32
		{0514BCC4-1856-451C-9546-EFC0D7A39071}.Debug|Win32.Build.0 = Debug|Win32
		{0514BCC4-1856-451C-9546-EFC0D7A39071}.Release|Win32.ActiveCfg = Release|Win32
		{0514BCC4-1856-451C-9546-EFC0D7A39071}.Release|Win32.Build.0 = Release|Win32
		{7E42117E-359F-4B31-A1C2-486A1182C156}.Debug|Win32.ActiveCfg = Debug|Win32
		{7E42117E-359F-4B31-A1C2-486A1182C156}.Debug|Win32.Build.0 = Debug|Win32
		{7E42117E-359F-4B31-A1C2-486A1182C156}.Release|Win32.ActiveCfg = Release|Win32
		{7E42117E-359F-4B31-A1C2-486A1182C156}.Release|Win32.Build.0 = Release|Win32
		{0011700D-6067-4663-989D-23A8E8BE7ED5}.Debug|Win32.ActiveCfg = Debug|Win32
		{0011700D-6067-4663-989D-23A8E8BE7ED5}.Debug|Win32.Build.0 = Debug|Win32
		{0011700D-6067-4663-989D-23A8E8BE7ED5}.Release|Win32.ActiveCfg = Release|Win32
		{0011700D-6067-4663-989D-23A8E8BE7ED5}.Release|Win32.Build.0 = Release|Win32
		{2E247274-C5B0-499A-BD25-315114D625D3}.Debug|Win32.ActiveCfg = Debug|Win32
		{2E247274-C5B0-499A-BD25-315114D625D3}.Debug|Win32.Build.0 = Debug|Win32
		{2E247274-C5B0-499A-BD25-315114D625D3}.Release|Win32.ActiveCfg = Release|Win32
		{2E247274-C5B0-499A-BD25-315114D625D3}.Release|Win32.Build.0 = Release|Win32
		{F9B40879-7DC0-4B51-AB6A-E88B9658FA6D}.Debug|Win32.ActiveCfg = Debug|Win32
		{F9B40879-7DC0-4B51-AB6A-E88B9658FA6D}.Debug|Win32.Build.0 = Debug|Win32
		{F9B40879-7DC0-4B51-AB6A-E88B9658FA6D}.Release|Win32.ActiveCfg = Release|Win32
		{F9B40879-7DC0-4B51-AB6A-E88B9658FA6D}.Release|Win32.Build.0 = Release|Win32
		{4E471103-F1F4-409C-B4B1-93E7B6331FE8}.Debug|Win32.ActiveCfg = Debug|Win32
		{4E471103-F1F4-409C-B4B1-93E7B6331FE8}.Debug|Win32.Build.0 = Debug|Win32
		{4E471103-F1F4-409C-B4B1-93E7B6331FE8}.Release|Win32.ActiveCfg = Release|Win32
		{4E471103-F1F4-409C-B4B1-93E7B6331FE8}.Release|Win32.Build.0 = Release|Win32
		{6C52E5F0-352C-4D8C-ACD7-A16BE135D3BA}.Debug|Win32.ActiveCfg = Debug|Win32
		{6C52E5F0-352C-4D8C-ACD7-A16BE135D3BA}.Debug|Win32.Build.0 = Debug|Win32
		{6C52E5F0-352C-4D8C-ACD7-A16BE135D3BA}.Release|Win32.ActiveCfg = Release|Win32
		{6C52E5F0-352C-4D8C-ACD7-A16BE135D3BA}.Release|Win32.Build.0 = Release|Win32
		{1576CAE0-DC48-47F2-B176-B7D135813AF1}.Debug|Win32.ActiveCfg = Debug|Win32
		{1576CAE0-DC48-47F2-B176-B7D135813AF1}.Debug|Win32.Build.0 = Debug|Win32
		{1576CAE0-DC48-47F2-B176-B7D135813AF1}.Release|Win32.ActiveCfg = Release|Win32
		{1576CAE0-DC48-47F2-B176-B7D135813AF1}.Release|Win32.Build.0 = Release|Win32
		{0044B27C-E1DE-48F1-9E46-FC2877D28064}.Debug|Win32.ActiveCfg = Debug|Win32
		{0044B27C-E1DE-48F1-9E46-FC2877D28064}.Debug|Win32.Build.0 = Debug|Win32
		{0044B27C-E1DE-48F1-9E46-FC2877D28064}.Release|Win32.ActiveCfg = Release|Win32
		{0044B27C-E1DE-48F1-9E46-FC2877D28064}.Release|Win32.Build.0 = Release|Win32
	EndGlobalSection
	GlobalSection(SolutionProperties) = preSolution
		HideSolutionNode = FALSE
	EndGlobalSection
EndGlobal
