
Microsoft Visual Studio Solution File, Format Version 11.00
# Visual Studio 2010
Project("{8BC9CEB8-8B4A-11D0-8D11-00A0C91BC942}") = "Graphic", "Graphic\Graphic.vcxproj", "{B933006E-2937-407D-AE01-2DD8A9B2B298}"
	ProjectSection(ProjectDependencies) = postProject
		{F86D86B8-0D3E-4BF3-92D9-72F0F3829739} = {F86D86B8-0D3E-4BF3-92D9-72F0F3829739}
		{697DECB9-4782-4CBE-AECE-14FEAF31DCC3} = {697DECB9-4782-4CBE-AECE-14FEAF31DCC3}
		{8D338BBF-BF41-4DC1-B09A-4500EBDDB42C} = {8D338BBF-BF41-4DC1-B09A-4500EBDDB42C}
		{A84811E2-E408-475D-95C8-3810EC8A64A2} = {A84811E2-E408-475D-95C8-3810EC8A64A2}
	EndProjectSection
EndProject
Project("{8BC9CEB8-8B4A-11D0-8D11-00A0C91BC942}") = "libpng", "libpng\libpng.vcxproj", "{8D338BBF-BF41-4DC1-B09A-4500EBDDB42C}"
EndProject
Project("{8BC9CEB8-8B4A-11D0-8D11-00A0C91BC942}") = "libz", "libz\libz.vcxproj", "{A84811E2-E408-475D-95C8-3810EC8A64A2}"
EndProject
Project("{8BC9CEB8-8B4A-11D0-8D11-00A0C91BC942}") = "libjpeg", "libjpeg\libjpeg.vcxproj", "{F86D86B8-0D3E-4BF3-92D9-72F0F3829739}"
EndProject
Project("{8BC9CEB8-8B4A-11D0-8D11-00A0C91BC942}") = "freetype", "freetype\freetype.vcxproj", "{697DECB9-4782-4CBE-AECE-14FEAF31DCC3}"
EndProject
Project("{8BC9CEB8-8B4A-11D0-8D11-00A0C91BC942}") = "UIFrame", "UIFrame\UIFrame.vcxproj", "{68B70930-C150-41C3-B953-4F39FCD49068}"
	ProjectSection(ProjectDependencies) = postProject
		{B933006E-2937-407D-AE01-2DD8A9B2B298} = {B933006E-2937-407D-AE01-2DD8A9B2B298}
		{1201FB93-5F9A-48BC-8E32-5420881715A7} = {1201FB93-5F9A-48BC-8E32-5420881715A7}
		{D5D948CB-0DED-40C7-94D9-191C89B3988B} = {D5D948CB-0DED-40C7-94D9-191C89B3988B}
	EndProjectSection
EndProject
Project("{8BC9CEB8-8B4A-11D0-8D11-00A0C91BC942}") = "SlimXml", "SlimXml\SlimXml\SlimXml.vcxproj", "{1201FB93-5F9A-48BC-8E32-5420881715A7}"
EndProject
Project("{8BC9CEB8-8B4A-11D0-8D11-00A0C91BC942}") = "UIEditor", "UIEditor\UIEditor.vcxproj", "{66483CB8-9152-4BD4-AC55-F324B79880FA}"
	ProjectSection(ProjectDependencies) = postProject
		{68B70930-C150-41C3-B953-4F39FCD49068} = {68B70930-C150-41C3-B953-4F39FCD49068}
		{1201FB93-5F9A-48BC-8E32-5420881715A7} = {1201FB93-5F9A-48BC-8E32-5420881715A7}
	EndProjectSection
EndProject
Project("{8BC9CEB8-8B4A-11D0-8D11-00A0C91BC942}") = "UIFrameTest", "UIFrameTest\UIFrameTest.vcxproj", "{AD00ACBB-901D-4F99-9D50-3900BDFFB004}"
	ProjectSection(ProjectDependencies) = postProject
		{68B70930-C150-41C3-B953-4F39FCD49068} = {68B70930-C150-41C3-B953-4F39FCD49068}
	EndProjectSection
EndProject
Project("{8BC9CEB8-8B4A-11D0-8D11-00A0C91BC942}") = "libpthread", "libpthread\libpthread.vcxproj", "{D5D948CB-0DED-40C7-94D9-191C89B3988B}"
EndProject
Global
	GlobalSection(SolutionConfigurationPlatforms) = preSolution
		Debug_MultiByte|Win32 = Debug_MultiByte|Win32
		Debug_Unicode|Win32 = Debug_Unicode|Win32
		Debug|Win32 = Debug|Win32
		Release_MultiByte|Win32 = Release_MultiByte|Win32
		Release_Unicode|Win32 = Release_Unicode|Win32
		Release|Win32 = Release|Win32
	EndGlobalSection
	GlobalSection(ProjectConfigurationPlatforms) = postSolution
		{B933006E-2937-407D-AE01-2DD8A9B2B298}.Debug_MultiByte|Win32.ActiveCfg = Debug|Win32
		{B933006E-2937-407D-AE01-2DD8A9B2B298}.Debug_MultiByte|Win32.Build.0 = Debug|Win32
		{B933006E-2937-407D-AE01-2DD8A9B2B298}.Debug_Unicode|Win32.ActiveCfg = Debug|Win32
		{B933006E-2937-407D-AE01-2DD8A9B2B298}.Debug_Unicode|Win32.Build.0 = Debug|Win32
		{B933006E-2937-407D-AE01-2DD8A9B2B298}.Debug|Win32.ActiveCfg = Debug|Win32
		{B933006E-2937-407D-AE01-2DD8A9B2B298}.Debug|Win32.Build.0 = Debug|Win32
		{B933006E-2937-407D-AE01-2DD8A9B2B298}.Release_MultiByte|Win32.ActiveCfg = Release|Win32
		{B933006E-2937-407D-AE01-2DD8A9B2B298}.Release_MultiByte|Win32.Build.0 = Release|Win32
		{B933006E-2937-407D-AE01-2DD8A9B2B298}.Release_Unicode|Win32.ActiveCfg = Release|Win32
		{B933006E-2937-407D-AE01-2DD8A9B2B298}.Release_Unicode|Win32.Build.0 = Release|Win32
		{B933006E-2937-407D-AE01-2DD8A9B2B298}.Release|Win32.ActiveCfg = Release|Win32
		{B933006E-2937-407D-AE01-2DD8A9B2B298}.Release|Win32.Build.0 = Release|Win32
		{8D338BBF-BF41-4DC1-B09A-4500EBDDB42C}.Debug_MultiByte|Win32.ActiveCfg = Debug|Win32
		{8D338BBF-BF41-4DC1-B09A-4500EBDDB42C}.Debug_MultiByte|Win32.Build.0 = Debug|Win32
		{8D338BBF-BF41-4DC1-B09A-4500EBDDB42C}.Debug_Unicode|Win32.ActiveCfg = Debug|Win32
		{8D338BBF-BF41-4DC1-B09A-4500EBDDB42C}.Debug_Unicode|Win32.Build.0 = Debug|Win32
		{8D338BBF-BF41-4DC1-B09A-4500EBDDB42C}.Debug|Win32.ActiveCfg = Debug|Win32
		{8D338BBF-BF41-4DC1-B09A-4500EBDDB42C}.Debug|Win32.Build.0 = Debug|Win32
		{8D338BBF-BF41-4DC1-B09A-4500EBDDB42C}.Release_MultiByte|Win32.ActiveCfg = Release|Win32
		{8D338BBF-BF41-4DC1-B09A-4500EBDDB42C}.Release_MultiByte|Win32.Build.0 = Release|Win32
		{8D338BBF-BF41-4DC1-B09A-4500EBDDB42C}.Release_Unicode|Win32.ActiveCfg = Release|Win32
		{8D338BBF-BF41-4DC1-B09A-4500EBDDB42C}.Release_Unicode|Win32.Build.0 = Release|Win32
		{8D338BBF-BF41-4DC1-B09A-4500EBDDB42C}.Release|Win32.ActiveCfg = Release|Win32
		{8D338BBF-BF41-4DC1-B09A-4500EBDDB42C}.Release|Win32.Build.0 = Release|Win32
		{A84811E2-E408-475D-95C8-3810EC8A64A2}.Debug_MultiByte|Win32.ActiveCfg = Debug|Win32
		{A84811E2-E408-475D-95C8-3810EC8A64A2}.Debug_MultiByte|Win32.Build.0 = Debug|Win32
		{A84811E2-E408-475D-95C8-3810EC8A64A2}.Debug_Unicode|Win32.ActiveCfg = Debug|Win32
		{A84811E2-E408-475D-95C8-3810EC8A64A2}.Debug_Unicode|Win32.Build.0 = Debug|Win32
		{A84811E2-E408-475D-95C8-3810EC8A64A2}.Debug|Win32.ActiveCfg = Debug|Win32
		{A84811E2-E408-475D-95C8-3810EC8A64A2}.Debug|Win32.Build.0 = Debug|Win32
		{A84811E2-E408-475D-95C8-3810EC8A64A2}.Release_MultiByte|Win32.ActiveCfg = Release|Win32
		{A84811E2-E408-475D-95C8-3810EC8A64A2}.Release_MultiByte|Win32.Build.0 = Release|Win32
		{A84811E2-E408-475D-95C8-3810EC8A64A2}.Release_Unicode|Win32.ActiveCfg = Release|Win32
		{A84811E2-E408-475D-95C8-3810EC8A64A2}.Release_Unicode|Win32.Build.0 = Release|Win32
		{A84811E2-E408-475D-95C8-3810EC8A64A2}.Release|Win32.ActiveCfg = Release|Win32
		{A84811E2-E408-475D-95C8-3810EC8A64A2}.Release|Win32.Build.0 = Release|Win32
		{F86D86B8-0D3E-4BF3-92D9-72F0F3829739}.Debug_MultiByte|Win32.ActiveCfg = Debug|Win32
		{F86D86B8-0D3E-4BF3-92D9-72F0F3829739}.Debug_MultiByte|Win32.Build.0 = Debug|Win32
		{F86D86B8-0D3E-4BF3-92D9-72F0F3829739}.Debug_Unicode|Win32.ActiveCfg = Debug|Win32
		{F86D86B8-0D3E-4BF3-92D9-72F0F3829739}.Debug_Unicode|Win32.Build.0 = Debug|Win32
		{F86D86B8-0D3E-4BF3-92D9-72F0F3829739}.Debug|Win32.ActiveCfg = Debug|Win32
		{F86D86B8-0D3E-4BF3-92D9-72F0F3829739}.Debug|Win32.Build.0 = Debug|Win32
		{F86D86B8-0D3E-4BF3-92D9-72F0F3829739}.Release_MultiByte|Win32.ActiveCfg = Release|Win32
		{F86D86B8-0D3E-4BF3-92D9-72F0F3829739}.Release_MultiByte|Win32.Build.0 = Release|Win32
		{F86D86B8-0D3E-4BF3-92D9-72F0F3829739}.Release_Unicode|Win32.ActiveCfg = Release|Win32
		{F86D86B8-0D3E-4BF3-92D9-72F0F3829739}.Release_Unicode|Win32.Build.0 = Release|Win32
		{F86D86B8-0D3E-4BF3-92D9-72F0F3829739}.Release|Win32.ActiveCfg = Release|Win32
		{F86D86B8-0D3E-4BF3-92D9-72F0F3829739}.Release|Win32.Build.0 = Release|Win32
		{697DECB9-4782-4CBE-AECE-14FEAF31DCC3}.Debug_MultiByte|Win32.ActiveCfg = Debug|Win32
		{697DECB9-4782-4CBE-AECE-14FEAF31DCC3}.Debug_MultiByte|Win32.Build.0 = Debug|Win32
		{697DECB9-4782-4CBE-AECE-14FEAF31DCC3}.Debug_Unicode|Win32.ActiveCfg = Debug|Win32
		{697DECB9-4782-4CBE-AECE-14FEAF31DCC3}.Debug_Unicode|Win32.Build.0 = Debug|Win32
		{697DECB9-4782-4CBE-AECE-14FEAF31DCC3}.Debug|Win32.ActiveCfg = Debug|Win32
		{697DECB9-4782-4CBE-AECE-14FEAF31DCC3}.Debug|Win32.Build.0 = Debug|Win32
		{697DECB9-4782-4CBE-AECE-14FEAF31DCC3}.Release_MultiByte|Win32.ActiveCfg = Release|Win32
		{697DECB9-4782-4CBE-AECE-14FEAF31DCC3}.Release_MultiByte|Win32.Build.0 = Release|Win32
		{697DECB9-4782-4CBE-AECE-14FEAF31DCC3}.Release_Unicode|Win32.ActiveCfg = Release|Win32
		{697DECB9-4782-4CBE-AECE-14FEAF31DCC3}.Release_Unicode|Win32.Build.0 = Release|Win32
		{697DECB9-4782-4CBE-AECE-14FEAF31DCC3}.Release|Win32.ActiveCfg = Release|Win32
		{697DECB9-4782-4CBE-AECE-14FEAF31DCC3}.Release|Win32.Build.0 = Release|Win32
		{68B70930-C150-41C3-B953-4F39FCD49068}.Debug_MultiByte|Win32.ActiveCfg = Debug|Win32
		{68B70930-C150-41C3-B953-4F39FCD49068}.Debug_MultiByte|Win32.Build.0 = Debug|Win32
		{68B70930-C150-41C3-B953-4F39FCD49068}.Debug_Unicode|Win32.ActiveCfg = Debug|Win32
		{68B70930-C150-41C3-B953-4F39FCD49068}.Debug_Unicode|Win32.Build.0 = Debug|Win32
		{68B70930-C150-41C3-B953-4F39FCD49068}.Debug|Win32.ActiveCfg = Debug|Win32
		{68B70930-C150-41C3-B953-4F39FCD49068}.Debug|Win32.Build.0 = Debug|Win32
		{68B70930-C150-41C3-B953-4F39FCD49068}.Release_MultiByte|Win32.ActiveCfg = Release|Win32
		{68B70930-C150-41C3-B953-4F39FCD49068}.Release_MultiByte|Win32.Build.0 = Release|Win32
		{68B70930-C150-41C3-B953-4F39FCD49068}.Release_Unicode|Win32.ActiveCfg = Release|Win32
		{68B70930-C150-41C3-B953-4F39FCD49068}.Release_Unicode|Win32.Build.0 = Release|Win32
		{68B70930-C150-41C3-B953-4F39FCD49068}.Release|Win32.ActiveCfg = Release|Win32
		{68B70930-C150-41C3-B953-4F39FCD49068}.Release|Win32.Build.0 = Release|Win32
		{1201FB93-5F9A-48BC-8E32-5420881715A7}.Debug_MultiByte|Win32.ActiveCfg = Debug_MultiByte|Win32
		{1201FB93-5F9A-48BC-8E32-5420881715A7}.Debug_MultiByte|Win32.Build.0 = Debug_MultiByte|Win32
		{1201FB93-5F9A-48BC-8E32-5420881715A7}.Debug_Unicode|Win32.ActiveCfg = Debug_Unicode|Win32
		{1201FB93-5F9A-48BC-8E32-5420881715A7}.Debug_Unicode|Win32.Build.0 = Debug_Unicode|Win32
		{1201FB93-5F9A-48BC-8E32-5420881715A7}.Debug|Win32.ActiveCfg = Debug|Win32
		{1201FB93-5F9A-48BC-8E32-5420881715A7}.Debug|Win32.Build.0 = Debug|Win32
		{1201FB93-5F9A-48BC-8E32-5420881715A7}.Release_MultiByte|Win32.ActiveCfg = Release_MultiByte|Win32
		{1201FB93-5F9A-48BC-8E32-5420881715A7}.Release_MultiByte|Win32.Build.0 = Release_MultiByte|Win32
		{1201FB93-5F9A-48BC-8E32-5420881715A7}.Release_Unicode|Win32.ActiveCfg = Release_Unicode|Win32
		{1201FB93-5F9A-48BC-8E32-5420881715A7}.Release_Unicode|Win32.Build.0 = Release_Unicode|Win32
		{1201FB93-5F9A-48BC-8E32-5420881715A7}.Release|Win32.ActiveCfg = Release|Win32
		{1201FB93-5F9A-48BC-8E32-5420881715A7}.Release|Win32.Build.0 = Release|Win32
		{66483CB8-9152-4BD4-AC55-F324B79880FA}.Debug_MultiByte|Win32.ActiveCfg = Debug|Win32
		{66483CB8-9152-4BD4-AC55-F324B79880FA}.Debug_MultiByte|Win32.Build.0 = Debug|Win32
		{66483CB8-9152-4BD4-AC55-F324B79880FA}.Debug_Unicode|Win32.ActiveCfg = Debug|Win32
		{66483CB8-9152-4BD4-AC55-F324B79880FA}.Debug_Unicode|Win32.Build.0 = Debug|Win32
		{66483CB8-9152-4BD4-AC55-F324B79880FA}.Debug|Win32.ActiveCfg = Debug|Win32
		{66483CB8-9152-4BD4-AC55-F324B79880FA}.Debug|Win32.Build.0 = Debug|Win32
		{66483CB8-9152-4BD4-AC55-F324B79880FA}.Release_MultiByte|Win32.ActiveCfg = Release|Win32
		{66483CB8-9152-4BD4-AC55-F324B79880FA}.Release_MultiByte|Win32.Build.0 = Release|Win32
		{66483CB8-9152-4BD4-AC55-F324B79880FA}.Release_Unicode|Win32.ActiveCfg = Release|Win32
		{66483CB8-9152-4BD4-AC55-F324B79880FA}.Release_Unicode|Win32.Build.0 = Release|Win32
		{66483CB8-9152-4BD4-AC55-F324B79880FA}.Release|Win32.ActiveCfg = Release|Win32
		{66483CB8-9152-4BD4-AC55-F324B79880FA}.Release|Win32.Build.0 = Release|Win32
		{AD00ACBB-901D-4F99-9D50-3900BDFFB004}.Debug_MultiByte|Win32.ActiveCfg = Debug|Win32
		{AD00ACBB-901D-4F99-9D50-3900BDFFB004}.Debug_MultiByte|Win32.Build.0 = Debug|Win32
		{AD00ACBB-901D-4F99-9D50-3900BDFFB004}.Debug_Unicode|Win32.ActiveCfg = Debug|Win32
		{AD00ACBB-901D-4F99-9D50-3900BDFFB004}.Debug_Unicode|Win32.Build.0 = Debug|Win32
		{AD00ACBB-901D-4F99-9D50-3900BDFFB004}.Debug|Win32.ActiveCfg = Debug|Win32
		{AD00ACBB-901D-4F99-9D50-3900BDFFB004}.Debug|Win32.Build.0 = Debug|Win32
		{AD00ACBB-901D-4F99-9D50-3900BDFFB004}.Release_MultiByte|Win32.ActiveCfg = Release|Win32
		{AD00ACBB-901D-4F99-9D50-3900BDFFB004}.Release_MultiByte|Win32.Build.0 = Release|Win32
		{AD00ACBB-901D-4F99-9D50-3900BDFFB004}.Release_Unicode|Win32.ActiveCfg = Release|Win32
		{AD00ACBB-901D-4F99-9D50-3900BDFFB004}.Release_Unicode|Win32.Build.0 = Release|Win32
		{AD00ACBB-901D-4F99-9D50-3900BDFFB004}.Release|Win32.ActiveCfg = Release|Win32
		{AD00ACBB-901D-4F99-9D50-3900BDFFB004}.Release|Win32.Build.0 = Release|Win32
		{D5D948CB-0DED-40C7-94D9-191C89B3988B}.Debug_MultiByte|Win32.ActiveCfg = Debug|Win32
		{D5D948CB-0DED-40C7-94D9-191C89B3988B}.Debug_MultiByte|Win32.Build.0 = Debug|Win32
		{D5D948CB-0DED-40C7-94D9-191C89B3988B}.Debug_Unicode|Win32.ActiveCfg = Debug|Win32
		{D5D948CB-0DED-40C7-94D9-191C89B3988B}.Debug_Unicode|Win32.Build.0 = Debug|Win32
		{D5D948CB-0DED-40C7-94D9-191C89B3988B}.Debug|Win32.ActiveCfg = Debug|Win32
		{D5D948CB-0DED-40C7-94D9-191C89B3988B}.Debug|Win32.Build.0 = Debug|Win32
		{D5D948CB-0DED-40C7-94D9-191C89B3988B}.Release_MultiByte|Win32.ActiveCfg = Release|Win32
		{D5D948CB-0DED-40C7-94D9-191C89B3988B}.Release_MultiByte|Win32.Build.0 = Release|Win32
		{D5D948CB-0DED-40C7-94D9-191C89B3988B}.Release_Unicode|Win32.ActiveCfg = Release|Win32
		{D5D948CB-0DED-40C7-94D9-191C89B3988B}.Release_Unicode|Win32.Build.0 = Release|Win32
		{D5D948CB-0DED-40C7-94D9-191C89B3988B}.Release|Win32.ActiveCfg = Release|Win32
		{D5D948CB-0DED-40C7-94D9-191C89B3988B}.Release|Win32.Build.0 = Release|Win32
	EndGlobalSection
	GlobalSection(SolutionProperties) = preSolution
		HideSolutionNode = FALSE
	EndGlobalSection
EndGlobal
