<?xml version="1.0" encoding="utf-8"?>
<Project ToolsVersion="4.0" xmlns="http://schemas.microsoft.com/developer/msbuild/2003">
  <ItemGroup>
    <Filter Include="源文件">
      <UniqueIdentifier>{4FC737F1-C7A5-4376-A066-2A32D752A2FF}</UniqueIdentifier>
      <Extensions>cpp;c;cc;cxx;def;odl;idl;hpj;bat;asm;asmx</Extensions>
    </Filter>
    <Filter Include="头文件">
      <UniqueIdentifier>{93995380-89BD-4b04-88EB-625FBE52EBFB}</UniqueIdentifier>
      <Extensions>h;hpp;hxx;hm;inl;inc;xsd</Extensions>
    </Filter>
    <Filter Include="资源文件">
      <UniqueIdentifier>{67DA6AB6-F800-4c08-8B7A-83BB121AAD01}</UniqueIdentifier>
      <Extensions>rc;ico;cur;bmp;dlg;rc2;rct;bin;rgs;gif;jpg;jpeg;jpe;resx;tiff;tif;png;wav;mfcribbon-ms</Extensions>
    </Filter>
  </ItemGroup>
  <ItemGroup>
    <None Include="ReadMe.txt" />
  </ItemGroup>
  <ItemGroup>
    <ClInclude Include="include\ft2build.h">
      <Filter>头文件</Filter>
    </ClInclude>
  </ItemGroup>
  <ItemGroup>
    <ClCompile Include="src\base\ftbase.c">
      <Filter>源文件</Filter>
    </ClCompile>
    <ClCompile Include="src\base\ftbbox.c">
      <Filter>源文件</Filter>
    </ClCompile>
    <ClCompile Include="src\base\ftbitmap.c">
      <Filter>源文件</Filter>
    </ClCompile>
    <ClCompile Include="src\base\ftgasp.c">
      <Filter>源文件</Filter>
    </ClCompile>
    <ClCompile Include="src\base\ftglyph.c">
      <Filter>源文件</Filter>
    </ClCompile>
    <ClCompile Include="src\base\ftinit.c">
      <Filter>源文件</Filter>
    </ClCompile>
    <ClCompile Include="src\base\ftlcdfil.c">
      <Filter>源文件</Filter>
    </ClCompile>
    <ClCompile Include="src\base\ftstroke.c">
      <Filter>源文件</Filter>
    </ClCompile>
    <ClCompile Include="src\base\ftsystem.c">
      <Filter>源文件</Filter>
    </ClCompile>
    <ClCompile Include="src\base\ftxf86.c">
      <Filter>源文件</Filter>
    </ClCompile>
    <ClCompile Include="src\raster\raster.c">
      <Filter>源文件</Filter>
    </ClCompile>
    <ClCompile Include="src\sfnt\sfnt.c">
      <Filter>源文件</Filter>
    </ClCompile>
    <ClCompile Include="src\smooth\ftsmooth.c">
      <Filter>源文件</Filter>
    </ClCompile>
    <ClCompile Include="src\autofit\autofit.c">
      <Filter>源文件</Filter>
    </ClCompile>
    <ClCompile Include="src\truetype\truetype.c">
      <Filter>源文件</Filter>
    </ClCompile>
    <ClCompile Include="src\psnames\psnames.c">
      <Filter>源文件</Filter>
    </ClCompile>
    <ClCompile Include="src\cff\cff.c">
      <Filter>源文件</Filter>
    </ClCompile>
    <ClCompile Include="src\pshinter\pshinter.c">
      <Filter>源文件</Filter>
    </ClCompile>
    <ClCompile Include="src\smooth\ftgrays.c">
      <Filter>源文件</Filter>
    </ClCompile>
  </ItemGroup>
</Project>